// !$*UTF8*$!
{
	archiveVersion = 1;
	classes = {
	};
	objectVersion = 50;
	objects = {

/* Begin PBXBuildFile section */
		27DB4B6D22829FE600C98A2A /* InputDevice.cpp in Sources */ = {isa = PBXBuildFile; fileRef = F1B2219E22826BFD0093A04E /* InputDevice.cpp */; };
		F1AEDA1B22822CA3008A73B7 /* NESKit.h in Headers */ = {isa = PBXBuildFile; fileRef = F1AEDA1922822CA3008A73B7 /* NESKit.h */; settings = {ATTRIBUTES = (Public, ); }; };
		F1B2217922824BF00093A04E /* NESKitCPU.h in Headers */ = {isa = PBXBuildFile; fileRef = F1B2217722824BF00093A04E /* NESKitCPU.h */; settings = {ATTRIBUTES = (Public, ); }; };
		F1B2217A22824BF00093A04E /* NESKitCPU.mm in Sources */ = {isa = PBXBuildFile; fileRef = F1B2217822824BF00093A04E /* NESKitCPU.mm */; };
		F1B2217E228251FD0093A04E /* NESKitMemory.h in Headers */ = {isa = PBXBuildFile; fileRef = F1B2217C228251FD0093A04E /* NESKitMemory.h */; settings = {ATTRIBUTES = (Public, ); }; };
		F1B2217F228251FD0093A04E /* NESKitMemory.mm in Sources */ = {isa = PBXBuildFile; fileRef = F1B2217D228251FD0093A04E /* NESKitMemory.mm */; };
		F1B22182228255F90093A04E /* NESKitPPU.h in Headers */ = {isa = PBXBuildFile; fileRef = F1B22180228255F90093A04E /* NESKitPPU.h */; settings = {ATTRIBUTES = (Public, ); }; };
		F1B22183228255F90093A04E /* NESKitPPU.mm in Sources */ = {isa = PBXBuildFile; fileRef = F1B22181228255F90093A04E /* NESKitPPU.mm */; };
		F1B221862282563E0093A04E /* NESKitGamepak.h in Headers */ = {isa = PBXBuildFile; fileRef = F1B221842282563E0093A04E /* NESKitGamepak.h */; settings = {ATTRIBUTES = (Public, ); }; };
		F1B221872282563E0093A04E /* NESKitGamepak.mm in Sources */ = {isa = PBXBuildFile; fileRef = F1B221852282563E0093A04E /* NESKitGamepak.mm */; };
		F1B2218A228256AF0093A04E /* NESKitInputDevice.h in Headers */ = {isa = PBXBuildFile; fileRef = F1B22188228256AF0093A04E /* NESKitInputDevice.h */; settings = {ATTRIBUTES = (Public, ); }; };
		F1B2218B228256AF0093A04E /* NESKitInputDevice.mm in Sources */ = {isa = PBXBuildFile; fileRef = F1B22189228256AF0093A04E /* NESKitInputDevice.mm */; };
		F1B221A122826BFD0093A04E /* utils.h in Headers */ = {isa = PBXBuildFile; fileRef = F1B2219222826BFD0093A04E /* utils.h */; };
		F1B221A222826BFD0093A04E /* Gamepak.h in Headers */ = {isa = PBXBuildFile; fileRef = F1B2219322826BFD0093A04E /* Gamepak.h */; };
		F1B221A322826BFD0093A04E /* PPUmemory.h in Headers */ = {isa = PBXBuildFile; fileRef = F1B2219422826BFD0093A04E /* PPUmemory.h */; };
		F1B221A422826BFD0093A04E /* nes_clock.h in Headers */ = {isa = PBXBuildFile; fileRef = F1B2219522826BFD0093A04E /* nes_clock.h */; };
		F1B221A522826BFD0093A04E /* PPU.h in Headers */ = {isa = PBXBuildFile; fileRef = F1B2219622826BFD0093A04E /* PPU.h */; };
		F1B221A622826BFD0093A04E /* cpu.h in Headers */ = {isa = PBXBuildFile; fileRef = F1B2219722826BFD0093A04E /* cpu.h */; };
		F1B221A722826BFD0093A04E /* memory.h in Headers */ = {isa = PBXBuildFile; fileRef = F1B2219822826BFD0093A04E /* memory.h */; };
		F1B221A822826BFD0093A04E /* InputDevice.h in Headers */ = {isa = PBXBuildFile; fileRef = F1B2219922826BFD0093A04E /* InputDevice.h */; };
		F1B221A922826BFD0093A04E /* memory.cpp in Sources */ = {isa = PBXBuildFile; fileRef = F1B2219B22826BFD0093A04E /* memory.cpp */; };
		F1B221AA22826BFD0093A04E /* PPU.cpp in Sources */ = {isa = PBXBuildFile; fileRef = F1B2219C22826BFD0093A04E /* PPU.cpp */; };
		F1B221AB22826BFD0093A04E /* PPUmemory.cpp in Sources */ = {isa = PBXBuildFile; fileRef = F1B2219D22826BFD0093A04E /* PPUmemory.cpp */; };
		F1B221AD22826BFD0093A04E /* Gamepak.cpp in Sources */ = {isa = PBXBuildFile; fileRef = F1B2219F22826BFD0093A04E /* Gamepak.cpp */; };
		F1B221AE22826BFD0093A04E /* cpu.cpp in Sources */ = {isa = PBXBuildFile; fileRef = F1B221A022826BFD0093A04E /* cpu.cpp */; };
/* End PBXBuildFile section */

/* Begin PBXFileReference section */
		27DB4B732282A35600C98A2A /* libSDL2-2.0.0.dylib */ = {isa = PBXFileReference; lastKnownFileType = "compiled.mach-o.dylib"; name = "libSDL2-2.0.0.dylib"; path = "../../../../../usr/local/Cellar/sdl2/2.0.9_1/lib/libSDL2-2.0.0.dylib"; sourceTree = "<group>"; };
		F1AEDA1622822CA3008A73B7 /* NESKit.framework */ = {isa = PBXFileReference; explicitFileType = wrapper.framework; includeInIndex = 0; path = NESKit.framework; sourceTree = BUILT_PRODUCTS_DIR; };
		F1AEDA1922822CA3008A73B7 /* NESKit.h */ = {isa = PBXFileReference; lastKnownFileType = sourcecode.c.h; path = NESKit.h; sourceTree = "<group>"; };
		F1AEDA1A22822CA3008A73B7 /* Info.plist */ = {isa = PBXFileReference; lastKnownFileType = text.plist.xml; path = Info.plist; sourceTree = "<group>"; };
		F1B2217722824BF00093A04E /* NESKitCPU.h */ = {isa = PBXFileReference; lastKnownFileType = sourcecode.c.h; path = NESKitCPU.h; sourceTree = "<group>"; };
		F1B2217822824BF00093A04E /* NESKitCPU.mm */ = {isa = PBXFileReference; lastKnownFileType = sourcecode.cpp.objcpp; path = NESKitCPU.mm; sourceTree = "<group>"; };
		F1B2217C228251FD0093A04E /* NESKitMemory.h */ = {isa = PBXFileReference; lastKnownFileType = sourcecode.c.h; path = NESKitMemory.h; sourceTree = "<group>"; };
		F1B2217D228251FD0093A04E /* NESKitMemory.mm */ = {isa = PBXFileReference; lastKnownFileType = sourcecode.cpp.objcpp; path = NESKitMemory.mm; sourceTree = "<group>"; };
		F1B22180228255F90093A04E /* NESKitPPU.h */ = {isa = PBXFileReference; lastKnownFileType = sourcecode.c.h; path = NESKitPPU.h; sourceTree = "<group>"; };
		F1B22181228255F90093A04E /* NESKitPPU.mm */ = {isa = PBXFileReference; lastKnownFileType = sourcecode.cpp.objcpp; path = NESKitPPU.mm; sourceTree = "<group>"; };
		F1B221842282563E0093A04E /* NESKitGamepak.h */ = {isa = PBXFileReference; lastKnownFileType = sourcecode.c.h; path = NESKitGamepak.h; sourceTree = "<group>"; };
		F1B221852282563E0093A04E /* NESKitGamepak.mm */ = {isa = PBXFileReference; lastKnownFileType = sourcecode.cpp.objcpp; path = NESKitGamepak.mm; sourceTree = "<group>"; };
		F1B22188228256AF0093A04E /* NESKitInputDevice.h */ = {isa = PBXFileReference; lastKnownFileType = sourcecode.c.h; path = NESKitInputDevice.h; sourceTree = "<group>"; };
		F1B22189228256AF0093A04E /* NESKitInputDevice.mm */ = {isa = PBXFileReference; lastKnownFileType = sourcecode.cpp.objcpp; path = NESKitInputDevice.mm; sourceTree = "<group>"; };
		F1B2219222826BFD0093A04E /* utils.h */ = {isa = PBXFileReference; fileEncoding = 4; lastKnownFileType = sourcecode.c.h; path = utils.h; sourceTree = "<group>"; };
		F1B2219322826BFD0093A04E /* Gamepak.h */ = {isa = PBXFileReference; fileEncoding = 4; lastKnownFileType = sourcecode.c.h; path = Gamepak.h; sourceTree = "<group>"; };
		F1B2219422826BFD0093A04E /* PPUmemory.h */ = {isa = PBXFileReference; fileEncoding = 4; lastKnownFileType = sourcecode.c.h; path = PPUmemory.h; sourceTree = "<group>"; };
		F1B2219522826BFD0093A04E /* nes_clock.h */ = {isa = PBXFileReference; fileEncoding = 4; lastKnownFileType = sourcecode.c.h; path = nes_clock.h; sourceTree = "<group>"; };
		F1B2219622826BFD0093A04E /* PPU.h */ = {isa = PBXFileReference; fileEncoding = 4; lastKnownFileType = sourcecode.c.h; path = PPU.h; sourceTree = "<group>"; };
		F1B2219722826BFD0093A04E /* cpu.h */ = {isa = PBXFileReference; fileEncoding = 4; lastKnownFileType = sourcecode.c.h; path = cpu.h; sourceTree = "<group>"; };
		F1B2219822826BFD0093A04E /* memory.h */ = {isa = PBXFileReference; fileEncoding = 4; lastKnownFileType = sourcecode.c.h; path = memory.h; sourceTree = "<group>"; };
		F1B2219922826BFD0093A04E /* InputDevice.h */ = {isa = PBXFileReference; fileEncoding = 4; lastKnownFileType = sourcecode.c.h; path = InputDevice.h; sourceTree = "<group>"; };
		F1B2219B22826BFD0093A04E /* memory.cpp */ = {isa = PBXFileReference; fileEncoding = 4; lastKnownFileType = sourcecode.cpp.cpp; path = memory.cpp; sourceTree = "<group>"; };
		F1B2219C22826BFD0093A04E /* PPU.cpp */ = {isa = PBXFileReference; fileEncoding = 4; lastKnownFileType = sourcecode.cpp.cpp; path = PPU.cpp; sourceTree = "<group>"; };
		F1B2219D22826BFD0093A04E /* PPUmemory.cpp */ = {isa = PBXFileReference; fileEncoding = 4; lastKnownFileType = sourcecode.cpp.cpp; path = PPUmemory.cpp; sourceTree = "<group>"; };
		F1B2219E22826BFD0093A04E /* InputDevice.cpp */ = {isa = PBXFileReference; fileEncoding = 4; lastKnownFileType = sourcecode.cpp.cpp; path = InputDevice.cpp; sourceTree = "<group>"; };
		F1B2219F22826BFD0093A04E /* Gamepak.cpp */ = {isa = PBXFileReference; fileEncoding = 4; lastKnownFileType = sourcecode.cpp.cpp; path = Gamepak.cpp; sourceTree = "<group>"; };
		F1B221A022826BFD0093A04E /* cpu.cpp */ = {isa = PBXFileReference; fileEncoding = 4; lastKnownFileType = sourcecode.cpp.cpp; path = cpu.cpp; sourceTree = "<group>"; };
/* End PBXFileReference section */

/* Begin PBXFrameworksBuildPhase section */
		F1AEDA1322822CA3008A73B7 /* Frameworks */ = {
			isa = PBXFrameworksBuildPhase;
			buildActionMask = 2147483647;
			files = (
			);
			runOnlyForDeploymentPostprocessing = 0;
		};
/* End PBXFrameworksBuildPhase section */

/* Begin PBXGroup section */
		27DB4B722282A35600C98A2A /* Frameworks */ = {
			isa = PBXGroup;
			children = (
				27DB4B732282A35600C98A2A /* libSDL2-2.0.0.dylib */,
			);
			name = Frameworks;
			sourceTree = "<group>";
		};
		F1AEDA0C22822CA3008A73B7 = {
			isa = PBXGroup;
			children = (
				F1AEDA1822822CA3008A73B7 /* NESKit */,
				F1AEDA1722822CA3008A73B7 /* Products */,
				27DB4B722282A35600C98A2A /* Frameworks */,
			);
			sourceTree = "<group>";
		};
		F1AEDA1722822CA3008A73B7 /* Products */ = {
			isa = PBXGroup;
			children = (
				F1AEDA1622822CA3008A73B7 /* NESKit.framework */,
			);
			name = Products;
			sourceTree = "<group>";
		};
		F1AEDA1822822CA3008A73B7 /* NESKit */ = {
			isa = PBXGroup;
			children = (
				F1B2219022826BFD0093A04E /* nes_lib */,
				F1AEDA1922822CA3008A73B7 /* NESKit.h */,
				F1AEDA1A22822CA3008A73B7 /* Info.plist */,
				F1B2217722824BF00093A04E /* NESKitCPU.h */,
				F1B2217822824BF00093A04E /* NESKitCPU.mm */,
				F1B2217C228251FD0093A04E /* NESKitMemory.h */,
				F1B2217D228251FD0093A04E /* NESKitMemory.mm */,
				F1B22180228255F90093A04E /* NESKitPPU.h */,
				F1B22181228255F90093A04E /* NESKitPPU.mm */,
				F1B221842282563E0093A04E /* NESKitGamepak.h */,
				F1B221852282563E0093A04E /* NESKitGamepak.mm */,
				F1B22188228256AF0093A04E /* NESKitInputDevice.h */,
				F1B22189228256AF0093A04E /* NESKitInputDevice.mm */,
			);
			path = NESKit;
			sourceTree = "<group>";
		};
		F1B2219022826BFD0093A04E /* nes_lib */ = {
			isa = PBXGroup;
			children = (
				F1B2219122826BFD0093A04E /* include */,
				F1B2219A22826BFD0093A04E /* src */,
			);
			name = nes_lib;
			path = ../../../nes_lib;
			sourceTree = "<group>";
		};
		F1B2219122826BFD0093A04E /* include */ = {
			isa = PBXGroup;
			children = (
				F1B2219222826BFD0093A04E /* utils.h */,
				F1B2219322826BFD0093A04E /* Gamepak.h */,
				F1B2219422826BFD0093A04E /* PPUmemory.h */,
				F1B2219522826BFD0093A04E /* nes_clock.h */,
				F1B2219622826BFD0093A04E /* PPU.h */,
				F1B2219722826BFD0093A04E /* cpu.h */,
				F1B2219822826BFD0093A04E /* memory.h */,
				F1B2219922826BFD0093A04E /* InputDevice.h */,
			);
			path = include;
			sourceTree = "<group>";
		};
		F1B2219A22826BFD0093A04E /* src */ = {
			isa = PBXGroup;
			children = (
				F1B2219B22826BFD0093A04E /* memory.cpp */,
				F1B2219C22826BFD0093A04E /* PPU.cpp */,
				F1B2219D22826BFD0093A04E /* PPUmemory.cpp */,
				F1B2219E22826BFD0093A04E /* InputDevice.cpp */,
				F1B2219F22826BFD0093A04E /* Gamepak.cpp */,
				F1B221A022826BFD0093A04E /* cpu.cpp */,
			);
			path = src;
			sourceTree = "<group>";
		};
/* End PBXGroup section */

/* Begin PBXHeadersBuildPhase section */
		F1AEDA1122822CA3008A73B7 /* Headers */ = {
			isa = PBXHeadersBuildPhase;
			buildActionMask = 2147483647;
			files = (
				F1B221862282563E0093A04E /* NESKitGamepak.h in Headers */,
				F1B22182228255F90093A04E /* NESKitPPU.h in Headers */,
				F1B2217E228251FD0093A04E /* NESKitMemory.h in Headers */,
				F1AEDA1B22822CA3008A73B7 /* NESKit.h in Headers */,
				F1B2217922824BF00093A04E /* NESKitCPU.h in Headers */,
				F1B2218A228256AF0093A04E /* NESKitInputDevice.h in Headers */,
				F1B221A522826BFD0093A04E /* PPU.h in Headers */,
				F1B221A622826BFD0093A04E /* cpu.h in Headers */,
				F1B221A122826BFD0093A04E /* utils.h in Headers */,
				F1B221A822826BFD0093A04E /* InputDevice.h in Headers */,
				F1B221A422826BFD0093A04E /* nes_clock.h in Headers */,
				F1B221A722826BFD0093A04E /* memory.h in Headers */,
				F1B221A222826BFD0093A04E /* Gamepak.h in Headers */,
				F1B221A322826BFD0093A04E /* PPUmemory.h in Headers */,
			);
			runOnlyForDeploymentPostprocessing = 0;
		};
/* End PBXHeadersBuildPhase section */

/* Begin PBXNativeTarget section */
		F1AEDA1522822CA3008A73B7 /* NESKit */ = {
			isa = PBXNativeTarget;
			buildConfigurationList = F1AEDA1E22822CA3008A73B7 /* Build configuration list for PBXNativeTarget "NESKit" */;
			buildPhases = (
				F1AEDA1122822CA3008A73B7 /* Headers */,
				F1AEDA1222822CA3008A73B7 /* Sources */,
				F1AEDA1322822CA3008A73B7 /* Frameworks */,
				F1AEDA1422822CA3008A73B7 /* Resources */,
			);
			buildRules = (
			);
			dependencies = (
			);
			name = NESKit;
			productName = NESKit;
			productReference = F1AEDA1622822CA3008A73B7 /* NESKit.framework */;
			productType = "com.apple.product-type.framework";
		};
/* End PBXNativeTarget section */

/* Begin PBXProject section */
		F1AEDA0D22822CA3008A73B7 /* Project object */ = {
			isa = PBXProject;
			attributes = {
				LastUpgradeCheck = 1010;
				ORGANIZATIONNAME = NESEmu;
				TargetAttributes = {
					F1AEDA1522822CA3008A73B7 = {
						CreatedOnToolsVersion = 10.1;
					};
				};
			};
			buildConfigurationList = F1AEDA1022822CA3008A73B7 /* Build configuration list for PBXProject "NESKit" */;
			compatibilityVersion = "Xcode 9.3";
			developmentRegion = en;
			hasScannedForEncodings = 0;
			knownRegions = (
				en,
			);
			mainGroup = F1AEDA0C22822CA3008A73B7;
			productRefGroup = F1AEDA1722822CA3008A73B7 /* Products */;
			projectDirPath = "";
			projectRoot = "";
			targets = (
				F1AEDA1522822CA3008A73B7 /* NESKit */,
			);
		};
/* End PBXProject section */

/* Begin PBXResourcesBuildPhase section */
		F1AEDA1422822CA3008A73B7 /* Resources */ = {
			isa = PBXResourcesBuildPhase;
			buildActionMask = 2147483647;
			files = (
			);
			runOnlyForDeploymentPostprocessing = 0;
		};
/* End PBXResourcesBuildPhase section */

/* Begin PBXSourcesBuildPhase section */
		F1AEDA1222822CA3008A73B7 /* Sources */ = {
			isa = PBXSourcesBuildPhase;
			buildActionMask = 2147483647;
			files = (
				27DB4B6D22829FE600C98A2A /* InputDevice.cpp in Sources */,
				F1B221AA22826BFD0093A04E /* PPU.cpp in Sources */,
				F1B2218B228256AF0093A04E /* NESKitInputDevice.mm in Sources */,
				F1B2217F228251FD0093A04E /* NESKitMemory.mm in Sources */,
				F1B221AE22826BFD0093A04E /* cpu.cpp in Sources */,
				F1B221A922826BFD0093A04E /* memory.cpp in Sources */,
				F1B221AB22826BFD0093A04E /* PPUmemory.cpp in Sources */,
				F1B2217A22824BF00093A04E /* NESKitCPU.mm in Sources */,
				F1B221872282563E0093A04E /* NESKitGamepak.mm in Sources */,
				F1B221AD22826BFD0093A04E /* Gamepak.cpp in Sources */,
				F1B22183228255F90093A04E /* NESKitPPU.mm in Sources */,
			);
			runOnlyForDeploymentPostprocessing = 0;
		};
/* End PBXSourcesBuildPhase section */

/* Begin XCBuildConfiguration section */
		F1AEDA1C22822CA3008A73B7 /* Debug */ = {
			isa = XCBuildConfiguration;
			buildSettings = {
				ALWAYS_SEARCH_USER_PATHS = NO;
				CLANG_ANALYZER_NONNULL = YES;
				CLANG_ANALYZER_NUMBER_OBJECT_CONVERSION = YES_AGGRESSIVE;
				CLANG_CXX_LANGUAGE_STANDARD = "gnu++17";
				CLANG_CXX_LIBRARY = "libc++";
				CLANG_ENABLE_MODULES = YES;
				CLANG_ENABLE_OBJC_ARC = YES;
				CLANG_ENABLE_OBJC_WEAK = YES;
				CLANG_WARN_BLOCK_CAPTURE_AUTORELEASING = YES;
				CLANG_WARN_BOOL_CONVERSION = YES;
				CLANG_WARN_COMMA = YES;
				CLANG_WARN_CONSTANT_CONVERSION = YES;
				CLANG_WARN_DEPRECATED_OBJC_IMPLEMENTATIONS = YES;
				CLANG_WARN_DIRECT_OBJC_ISA_USAGE = YES_ERROR;
				CLANG_WARN_DOCUMENTATION_COMMENTS = YES;
				CLANG_WARN_EMPTY_BODY = YES;
				CLANG_WARN_ENUM_CONVERSION = YES;
				CLANG_WARN_INFINITE_RECURSION = YES;
				CLANG_WARN_INT_CONVERSION = YES;
				CLANG_WARN_NON_LITERAL_NULL_CONVERSION = YES;
				CLANG_WARN_OBJC_IMPLICIT_RETAIN_SELF = YES;
				CLANG_WARN_OBJC_LITERAL_CONVERSION = YES;
				CLANG_WARN_OBJC_ROOT_CLASS = YES_ERROR;
				CLANG_WARN_RANGE_LOOP_ANALYSIS = YES;
				CLANG_WARN_STRICT_PROTOTYPES = YES;
				CLANG_WARN_SUSPICIOUS_MOVE = YES;
				CLANG_WARN_UNGUARDED_AVAILABILITY = YES_AGGRESSIVE;
				CLANG_WARN_UNREACHABLE_CODE = YES;
				CLANG_WARN__DUPLICATE_METHOD_MATCH = YES;
				CODE_SIGN_IDENTITY = "Mac Developer";
				COPY_PHASE_STRIP = NO;
				CURRENT_PROJECT_VERSION = 1;
				DEBUG_INFORMATION_FORMAT = dwarf;
				ENABLE_STRICT_OBJC_MSGSEND = YES;
				ENABLE_TESTABILITY = YES;
				GCC_C_LANGUAGE_STANDARD = gnu11;
				GCC_DYNAMIC_NO_PIC = NO;
				GCC_NO_COMMON_BLOCKS = YES;
				GCC_OPTIMIZATION_LEVEL = 0;
				GCC_PREPROCESSOR_DEFINITIONS = (
					"DEBUG=1",
					"$(inherited)",
				);
				GCC_WARN_64_TO_32_BIT_CONVERSION = YES;
				GCC_WARN_ABOUT_RETURN_TYPE = YES_ERROR;
				GCC_WARN_UNDECLARED_SELECTOR = YES;
				GCC_WARN_UNINITIALIZED_AUTOS = YES_AGGRESSIVE;
				GCC_WARN_UNUSED_FUNCTION = YES;
				GCC_WARN_UNUSED_VARIABLE = YES;
				MACOSX_DEPLOYMENT_TARGET = 10.14;
				MTL_ENABLE_DEBUG_INFO = INCLUDE_SOURCE;
				MTL_FAST_MATH = YES;
				ONLY_ACTIVE_ARCH = YES;
				SDKROOT = macosx;
				VERSIONING_SYSTEM = "apple-generic";
				VERSION_INFO_PREFIX = "";
			};
			name = Debug;
		};
		F1AEDA1D22822CA3008A73B7 /* Release */ = {
			isa = XCBuildConfiguration;
			buildSettings = {
				ALWAYS_SEARCH_USER_PATHS = NO;
				CLANG_ANALYZER_NONNULL = YES;
				CLANG_ANALYZER_NUMBER_OBJECT_CONVERSION = YES_AGGRESSIVE;
				CLANG_CXX_LANGUAGE_STANDARD = "gnu++17";
				CLANG_CXX_LIBRARY = "libc++";
				CLANG_ENABLE_MODULES = YES;
				CLANG_ENABLE_OBJC_ARC = YES;
				CLANG_ENABLE_OBJC_WEAK = YES;
				CLANG_WARN_BLOCK_CAPTURE_AUTORELEASING = YES;
				CLANG_WARN_BOOL_CONVERSION = YES;
				CLANG_WARN_COMMA = YES;
				CLANG_WARN_CONSTANT_CONVERSION = YES;
				CLANG_WARN_DEPRECATED_OBJC_IMPLEMENTATIONS = YES;
				CLANG_WARN_DIRECT_OBJC_ISA_USAGE = YES_ERROR;
				CLANG_WARN_DOCUMENTATION_COMMENTS = YES;
				CLANG_WARN_EMPTY_BODY = YES;
				CLANG_WARN_ENUM_CONVERSION = YES;
				CLANG_WARN_INFINITE_RECURSION = YES;
				CLANG_WARN_INT_CONVERSION = YES;
				CLANG_WARN_NON_LITERAL_NULL_CONVERSION = YES;
				CLANG_WARN_OBJC_IMPLICIT_RETAIN_SELF = YES;
				CLANG_WARN_OBJC_LITERAL_CONVERSION = YES;
				CLANG_WARN_OBJC_ROOT_CLASS = YES_ERROR;
				CLANG_WARN_RANGE_LOOP_ANALYSIS = YES;
				CLANG_WARN_STRICT_PROTOTYPES = YES;
				CLANG_WARN_SUSPICIOUS_MOVE = YES;
				CLANG_WARN_UNGUARDED_AVAILABILITY = YES_AGGRESSIVE;
				CLANG_WARN_UNREACHABLE_CODE = YES;
				CLANG_WARN__DUPLICATE_METHOD_MATCH = YES;
				CODE_SIGN_IDENTITY = "Mac Developer";
				COPY_PHASE_STRIP = NO;
				CURRENT_PROJECT_VERSION = 1;
				DEBUG_INFORMATION_FORMAT = "dwarf-with-dsym";
				ENABLE_NS_ASSERTIONS = NO;
				ENABLE_STRICT_OBJC_MSGSEND = YES;
				GCC_C_LANGUAGE_STANDARD = gnu11;
				GCC_NO_COMMON_BLOCKS = YES;
				GCC_WARN_64_TO_32_BIT_CONVERSION = YES;
				GCC_WARN_ABOUT_RETURN_TYPE = YES_ERROR;
				GCC_WARN_UNDECLARED_SELECTOR = YES;
				GCC_WARN_UNINITIALIZED_AUTOS = YES_AGGRESSIVE;
				GCC_WARN_UNUSED_FUNCTION = YES;
				GCC_WARN_UNUSED_VARIABLE = YES;
				MACOSX_DEPLOYMENT_TARGET = 10.14;
				MTL_ENABLE_DEBUG_INFO = NO;
				MTL_FAST_MATH = YES;
				SDKROOT = macosx;
				VERSIONING_SYSTEM = "apple-generic";
				VERSION_INFO_PREFIX = "";
			};
			name = Release;
		};
		F1AEDA1F22822CA3008A73B7 /* Debug */ = {
			isa = XCBuildConfiguration;
			buildSettings = {
				CODE_SIGN_IDENTITY = "";
				CODE_SIGN_STYLE = Automatic;
				COMBINE_HIDPI_IMAGES = YES;
				DEFINES_MODULE = YES;
				DEVELOPMENT_TEAM = 6FXPZ9UA8U;
				DYLIB_COMPATIBILITY_VERSION = 1;
				DYLIB_CURRENT_VERSION = 1;
				DYLIB_INSTALL_NAME_BASE = "@rpath";
				FRAMEWORK_VERSION = A;
				INFOPLIST_FILE = NESKit/Info.plist;
				INSTALL_PATH = "$(LOCAL_LIBRARY_DIR)/Frameworks";
				LD_RUNPATH_SEARCH_PATHS = (
					"$(inherited)",
					"@executable_path/../Frameworks",
					"@loader_path/Frameworks",
				);
				LIBRARY_SEARCH_PATHS = (
					"$(inherited)",
					/usr/local/Cellar/sdl2/2.0.9_1/lib,
				);
				PRODUCT_BUNDLE_IDENTIFIER = com.nesemu.NESKit;
				PRODUCT_NAME = "$(TARGET_NAME:c99extidentifier)";
				SKIP_INSTALL = YES;
			};
			name = Debug;
		};
		F1AEDA2022822CA3008A73B7 /* Release */ = {
			isa = XCBuildConfiguration;
			buildSettings = {
				CODE_SIGN_IDENTITY = "";
				CODE_SIGN_STYLE = Automatic;
				COMBINE_HIDPI_IMAGES = YES;
				DEFINES_MODULE = YES;
				DEVELOPMENT_TEAM = 6FXPZ9UA8U;
				DYLIB_COMPATIBILITY_VERSION = 1;
				DYLIB_CURRENT_VERSION = 1;
				DYLIB_INSTALL_NAME_BASE = "@rpath";
				FRAMEWORK_VERSION = A;
				INFOPLIST_FILE = NESKit/Info.plist;
				INSTALL_PATH = "$(LOCAL_LIBRARY_DIR)/Frameworks";
				LD_RUNPATH_SEARCH_PATHS = (
					"$(inherited)",
					"@executable_path/../Frameworks",
					"@loader_path/Frameworks",
				);
				LIBRARY_SEARCH_PATHS = (
					"$(inherited)",
					/usr/local/Cellar/sdl2/2.0.9_1/lib,
				);
				PRODUCT_BUNDLE_IDENTIFIER = com.nesemu.NESKit;
				PRODUCT_NAME = "$(TARGET_NAME:c99extidentifier)";
				SKIP_INSTALL = YES;
			};
			name = Release;
		};
/* End XCBuildConfiguration section */

/* Begin XCConfigurationList section */
		F1AEDA1022822CA3008A73B7 /* Build configuration list for PBXProject "NESKit" */ = {
			isa = XCConfigurationList;
			buildConfigurations = (
				F1AEDA1C22822CA3008A73B7 /* Debug */,
				F1AEDA1D22822CA3008A73B7 /* Release */,
			);
			defaultConfigurationIsVisible = 0;
			defaultConfigurationName = Release;
		};
		F1AEDA1E22822CA3008A73B7 /* Build configuration list for PBXNativeTarget "NESKit" */ = {
			isa = XCConfigurationList;
			buildConfigurations = (
				F1AEDA1F22822CA3008A73B7 /* Debug */,
				F1AEDA2022822CA3008A73B7 /* Release */,
			);
			defaultConfigurationIsVisible = 0;
			defaultConfigurationName = Release;
		};
/* End XCConfigurationList section */
	};
	rootObject = F1AEDA0D22822CA3008A73B7 /* Project object */;
}
