// !$*UTF8*$!
{
	archiveVersion = 1;
	classes = {
	};
	objectVersion = 50;
	objects = {

/* Begin PBXBuildFile section */
		F1AED9F722822C5B008A73B7 /* AppDelegate.swift in Sources */ = {isa = PBXBuildFile; fileRef = F1AED9F622822C5B008A73B7 /* AppDelegate.swift */; };
		F1AED9F922822C5B008A73B7 /* GameScene.sks in Resources */ = {isa = PBXBuildFile; fileRef = F1AED9F822822C5B008A73B7 /* GameScene.sks */; };
		F1AED9FB22822C5B008A73B7 /* Actions.sks in Resources */ = {isa = PBXBuildFile; fileRef = F1AED9FA22822C5B008A73B7 /* Actions.sks */; };
		F1AED9FD22822C5B008A73B7 /* GameScene.swift in Sources */ = {isa = PBXBuildFile; fileRef = F1AED9FC22822C5B008A73B7 /* GameScene.swift */; };
		F1AED9FF22822C5B008A73B7 /* ViewController.swift in Sources */ = {isa = PBXBuildFile; fileRef = F1AED9FE22822C5B008A73B7 /* ViewController.swift */; };
		F1AEDA0122822C5C008A73B7 /* Assets.xcassets in Resources */ = {isa = PBXBuildFile; fileRef = F1AEDA0022822C5C008A73B7 /* Assets.xcassets */; };
		F1AEDA0422822C5C008A73B7 /* Main.storyboard in Resources */ = {isa = PBXBuildFile; fileRef = F1AEDA0222822C5C008A73B7 /* Main.storyboard */; };
		F1AEDA2922822CF6008A73B7 /* NESKit.framework in Frameworks */ = {isa = PBXBuildFile; fileRef = F1AEDA2822822CF6008A73B7 /* NESKit.framework */; };
/* End PBXBuildFile section */

/* Begin PBXFileReference section */
		F1AED9F322822C5B008A73B7 /* NESEmu.app */ = {isa = PBXFileReference; explicitFileType = wrapper.application; includeInIndex = 0; path = NESEmu.app; sourceTree = BUILT_PRODUCTS_DIR; };
		F1AED9F622822C5B008A73B7 /* AppDelegate.swift */ = {isa = PBXFileReference; lastKnownFileType = sourcecode.swift; path = AppDelegate.swift; sourceTree = "<group>"; };
		F1AED9F822822C5B008A73B7 /* GameScene.sks */ = {isa = PBXFileReference; lastKnownFileType = file.sks; path = GameScene.sks; sourceTree = "<group>"; };
		F1AED9FA22822C5B008A73B7 /* Actions.sks */ = {isa = PBXFileReference; lastKnownFileType = file.sks; path = Actions.sks; sourceTree = "<group>"; };
		F1AED9FC22822C5B008A73B7 /* GameScene.swift */ = {isa = PBXFileReference; lastKnownFileType = sourcecode.swift; path = GameScene.swift; sourceTree = "<group>"; };
		F1AED9FE22822C5B008A73B7 /* ViewController.swift */ = {isa = PBXFileReference; lastKnownFileType = sourcecode.swift; path = ViewController.swift; sourceTree = "<group>"; };
		F1AEDA0022822C5C008A73B7 /* Assets.xcassets */ = {isa = PBXFileReference; lastKnownFileType = folder.assetcatalog; path = Assets.xcassets; sourceTree = "<group>"; };
		F1AEDA0322822C5C008A73B7 /* Base */ = {isa = PBXFileReference; lastKnownFileType = file.storyboard; name = Base; path = Base.lproj/Main.storyboard; sourceTree = "<group>"; };
		F1AEDA0522822C5C008A73B7 /* Info.plist */ = {isa = PBXFileReference; lastKnownFileType = text.plist.xml; path = Info.plist; sourceTree = "<group>"; };
		F1AEDA0622822C5C008A73B7 /* NESEmu.entitlements */ = {isa = PBXFileReference; lastKnownFileType = text.plist.entitlements; path = NESEmu.entitlements; sourceTree = "<group>"; };
		F1AEDA2822822CF6008A73B7 /* NESKit.framework */ = {isa = PBXFileReference; explicitFileType = wrapper.framework; path = NESKit.framework; sourceTree = BUILT_PRODUCTS_DIR; };
/* End PBXFileReference section */

/* Begin PBXFrameworksBuildPhase section */
		F1AED9F022822C5B008A73B7 /* Frameworks */ = {
			isa = PBXFrameworksBuildPhase;
			buildActionMask = 2147483647;
			files = (
				F1AEDA2922822CF6008A73B7 /* NESKit.framework in Frameworks */,
			);
			runOnlyForDeploymentPostprocessing = 0;
		};
/* End PBXFrameworksBuildPhase section */

/* Begin PBXGroup section */
		F1AED9EA22822C5B008A73B7 = {
			isa = PBXGroup;
			children = (
				F1AED9F522822C5B008A73B7 /* NESEmu */,
				F1AED9F422822C5B008A73B7 /* Products */,
				F1AEDA2722822CF6008A73B7 /* Frameworks */,
			);
			sourceTree = "<group>";
		};
		F1AED9F422822C5B008A73B7 /* Products */ = {
			isa = PBXGroup;
			children = (
				F1AED9F322822C5B008A73B7 /* NESEmu.app */,
			);
			name = Products;
			sourceTree = "<group>";
		};
		F1AED9F522822C5B008A73B7 /* NESEmu */ = {
			isa = PBXGroup;
			children = (
				F1AED9F622822C5B008A73B7 /* AppDelegate.swift */,
				F1AED9F822822C5B008A73B7 /* GameScene.sks */,
				F1AED9FA22822C5B008A73B7 /* Actions.sks */,
				F1AED9FC22822C5B008A73B7 /* GameScene.swift */,
				F1AED9FE22822C5B008A73B7 /* ViewController.swift */,
				F1AEDA0022822C5C008A73B7 /* Assets.xcassets */,
				F1AEDA0222822C5C008A73B7 /* Main.storyboard */,
				F1AEDA0522822C5C008A73B7 /* Info.plist */,
				F1AEDA0622822C5C008A73B7 /* NESEmu.entitlements */,
			);
			path = NESEmu;
			sourceTree = "<group>";
		};
		F1AEDA2722822CF6008A73B7 /* Frameworks */ = {
			isa = PBXGroup;
			children = (
				F1AEDA2822822CF6008A73B7 /* NESKit.framework */,
			);
			name = Frameworks;
			sourceTree = "<group>";
		};
/* End PBXGroup section */

/* Begin PBXNativeTarget section */
		F1AED9F222822C5B008A73B7 /* NESEmu */ = {
			isa = PBXNativeTarget;
			buildConfigurationList = F1AEDA0922822C5C008A73B7 /* Build configuration list for PBXNativeTarget "NESEmu" */;
			buildPhases = (
				F1AED9EF22822C5B008A73B7 /* Sources */,
				F1AED9F022822C5B008A73B7 /* Frameworks */,
				F1AED9F122822C5B008A73B7 /* Resources */,
			);
			buildRules = (
			);
			dependencies = (
			);
			name = NESEmu;
			productName = NESEmu;
			productReference = F1AED9F322822C5B008A73B7 /* NESEmu.app */;
			productType = "com.apple.product-type.application";
		};
/* End PBXNativeTarget section */

/* Begin PBXProject section */
		F1AED9EB22822C5B008A73B7 /* Project object */ = {
			isa = PBXProject;
			attributes = {
				LastSwiftUpdateCheck = 1010;
				LastUpgradeCheck = 1010;
				ORGANIZATIONNAME = NESEmu;
				TargetAttributes = {
					F1AED9F222822C5B008A73B7 = {
						CreatedOnToolsVersion = 10.1;
					};
				};
			};
			buildConfigurationList = F1AED9EE22822C5B008A73B7 /* Build configuration list for PBXProject "NESEmu" */;
			compatibilityVersion = "Xcode 9.3";
			developmentRegion = en;
			hasScannedForEncodings = 0;
			knownRegions = (
				en,
				Base,
			);
			mainGroup = F1AED9EA22822C5B008A73B7;
			productRefGroup = F1AED9F422822C5B008A73B7 /* Products */;
			projectDirPath = "";
			projectRoot = "";
			targets = (
				F1AED9F222822C5B008A73B7 /* NESEmu */,
			);
		};
/* End PBXProject section */

/* Begin PBXResourcesBuildPhase section */
		F1AED9F122822C5B008A73B7 /* Resources */ = {
			isa = PBXResourcesBuildPhase;
			buildActionMask = 2147483647;
			files = (
				F1AED9F922822C5B008A73B7 /* GameScene.sks in Resources */,
				F1AEDA0122822C5C008A73B7 /* Assets.xcassets in Resources */,
				F1AED9FB22822C5B008A73B7 /* Actions.sks in Resources */,
				F1AEDA0422822C5C008A73B7 /* Main.storyboard in Resources */,
			);
			runOnlyForDeploymentPostprocessing = 0;
		};
/* End PBXResourcesBuildPhase section */

/* Begin PBXSourcesBuildPhase section */
		F1AED9EF22822C5B008A73B7 /* Sources */ = {
			isa = PBXSourcesBuildPhase;
			buildActionMask = 2147483647;
			files = (
				F1AED9FF22822C5B008A73B7 /* ViewController.swift in Sources */,
				F1AED9FD22822C5B008A73B7 /* GameScene.swift in Sources */,
				F1AED9F722822C5B008A73B7 /* AppDelegate.swift in Sources */,
			);
			runOnlyForDeploymentPostprocessing = 0;
		};
/* End PBXSourcesBuildPhase section */

/* Begin PBXVariantGroup section */
		F1AEDA0222822C5C008A73B7 /* Main.storyboard */ = {
			isa = PBXVariantGroup;
			children = (
				F1AEDA0322822C5C008A73B7 /* Base */,
			);
			name = Main.storyboard;
			sourceTree = "<group>";
		};
/* End PBXVariantGroup section */

/* Begin XCBuildConfiguration section */
		F1AEDA0722822C5C008A73B7 /* Debug */ = {
			isa = XCBuildConfiguration;
			buildSettings = {
				ALWAYS_SEARCH_USER_PATHS = NO;
				CLANG_ANALYZER_NONNULL = YES;
				CLANG_ANALYZER_NUMBER_OBJECT_CONVERSION = YES_AGGRESSIVE;
				CLANG_CXX_LANGUAGE_STANDARD = "gnu++14";
				CLANG_CXX_LIBRARY = "libc++";
				CLANG_ENABLE_MODULES = YES;
				CLANG_ENABLE_OBJC_ARC = YES;
				CLANG_ENABLE_OBJC_WEAK = YES;
				CLANG_WARN_BLOCK_CAPTURE_AUTORELEASING = YES;
				CLANG_WARN_BOOL_CONVERSION = YES;
				CLANG_WARN_COMMA = YES;
				CLANG_WARN_CONSTANT_CONVERSION = YES;
				CLANG_WARN_DEPRECATED_OBJC_IMPLEMENTATIONS = YES;
				CLANG_WARN_DIRECT_OBJC_ISA_USAGE = YES_ERROR;
				CLANG_WARN_DOCUMENTATION_COMMENTS = YES;
				CLANG_WARN_EMPTY_BODY = YES;
				CLANG_WARN_ENUM_CONVERSION = YES;
				CLANG_WARN_INFINITE_RECURSION = YES;
				CLANG_WARN_INT_CONVERSION = YES;
				CLANG_WARN_NON_LITERAL_NULL_CONVERSION = YES;
				CLANG_WARN_OBJC_IMPLICIT_RETAIN_SELF = YES;
				CLANG_WARN_OBJC_LITERAL_CONVERSION = YES;
				CLANG_WARN_OBJC_ROOT_CLASS = YES_ERROR;
				CLANG_WARN_RANGE_LOOP_ANALYSIS = YES;
				CLANG_WARN_STRICT_PROTOTYPES = YES;
				CLANG_WARN_SUSPICIOUS_MOVE = YES;
				CLANG_WARN_UNGUARDED_AVAILABILITY = YES_AGGRESSIVE;
				CLANG_WARN_UNREACHABLE_CODE = YES;
				CLANG_WARN__DUPLICATE_METHOD_MATCH = YES;
				CODE_SIGN_IDENTITY = "Mac Developer";
				COPY_PHASE_STRIP = NO;
				DEBUG_INFORMATION_FORMAT = dwarf;
				ENABLE_STRICT_OBJC_MSGSEND = YES;
				ENABLE_TESTABILITY = YES;
				GCC_C_LANGUAGE_STANDARD = gnu11;
				GCC_DYNAMIC_NO_PIC = NO;
				GCC_NO_COMMON_BLOCKS = YES;
				GCC_OPTIMIZATION_LEVEL = 0;
				GCC_PREPROCESSOR_DEFINITIONS = (
					"DEBUG=1",
					"$(inherited)",
				);
				GCC_WARN_64_TO_32_BIT_CONVERSION = YES;
				GCC_WARN_ABOUT_RETURN_TYPE = YES_ERROR;
				GCC_WARN_UNDECLARED_SELECTOR = YES;
				GCC_WARN_UNINITIALIZED_AUTOS = YES_AGGRESSIVE;
				GCC_WARN_UNUSED_FUNCTION = YES;
				GCC_WARN_UNUSED_VARIABLE = YES;
				MACOSX_DEPLOYMENT_TARGET = 10.14;
				MTL_ENABLE_DEBUG_INFO = INCLUDE_SOURCE;
				MTL_FAST_MATH = YES;
				ONLY_ACTIVE_ARCH = YES;
				SDKROOT = macosx;
				SWIFT_ACTIVE_COMPILATION_CONDITIONS = DEBUG;
				SWIFT_OPTIMIZATION_LEVEL = "-Onone";
			};
			name = Debug;
		};
		F1AEDA0822822C5C008A73B7 /* Release */ = {
			isa = XCBuildConfiguration;
			buildSettings = {
				ALWAYS_SEARCH_USER_PATHS = NO;
				CLANG_ANALYZER_NONNULL = YES;
				CLANG_ANALYZER_NUMBER_OBJECT_CONVERSION = YES_AGGRESSIVE;
				CLANG_CXX_LANGUAGE_STANDARD = "gnu++14";
				CLANG_CXX_LIBRARY = "libc++";
				CLANG_ENABLE_MODULES = YES;
				CLANG_ENABLE_OBJC_ARC = YES;
				CLANG_ENABLE_OBJC_WEAK = YES;
				CLANG_WARN_BLOCK_CAPTURE_AUTORELEASING = YES;
				CLANG_WARN_BOOL_CONVERSION = YES;
				CLANG_WARN_COMMA = YES;
				CLANG_WARN_CONSTANT_CONVERSION = YES;
				CLANG_WARN_DEPRECATED_OBJC_IMPLEMENTATIONS = YES;
				CLANG_WARN_DIRECT_OBJC_ISA_USAGE = YES_ERROR;
				CLANG_WARN_DOCUMENTATION_COMMENTS = YES;
				CLANG_WARN_EMPTY_BODY = YES;
				CLANG_WARN_ENUM_CONVERSION = YES;
				CLANG_WARN_INFINITE_RECURSION = YES;
				CLANG_WARN_INT_CONVERSION = YES;
				CLANG_WARN_NON_LITERAL_NULL_CONVERSION = YES;
				CLANG_WARN_OBJC_IMPLICIT_RETAIN_SELF = YES;
				CLANG_WARN_OBJC_LITERAL_CONVERSION = YES;
				CLANG_WARN_OBJC_ROOT_CLASS = YES_ERROR;
				CLANG_WARN_RANGE_LOOP_ANALYSIS = YES;
				CLANG_WARN_STRICT_PROTOTYPES = YES;
				CLANG_WARN_SUSPICIOUS_MOVE = YES;
				CLANG_WARN_UNGUARDED_AVAILABILITY = YES_AGGRESSIVE;
				CLANG_WARN_UNREACHABLE_CODE = YES;
				CLANG_WARN__DUPLICATE_METHOD_MATCH = YES;
				CODE_SIGN_IDENTITY = "Mac Developer";
				COPY_PHASE_STRIP = NO;
				DEBUG_INFORMATION_FORMAT = "dwarf-with-dsym";
				ENABLE_NS_ASSERTIONS = NO;
				ENABLE_STRICT_OBJC_MSGSEND = YES;
				GCC_C_LANGUAGE_STANDARD = gnu11;
				GCC_NO_COMMON_BLOCKS = YES;
				GCC_WARN_64_TO_32_BIT_CONVERSION = YES;
				GCC_WARN_ABOUT_RETURN_TYPE = YES_ERROR;
				GCC_WARN_UNDECLARED_SELECTOR = YES;
				GCC_WARN_UNINITIALIZED_AUTOS = YES_AGGRESSIVE;
				GCC_WARN_UNUSED_FUNCTION = YES;
				GCC_WARN_UNUSED_VARIABLE = YES;
				MACOSX_DEPLOYMENT_TARGET = 10.14;
				MTL_ENABLE_DEBUG_INFO = NO;
				MTL_FAST_MATH = YES;
				SDKROOT = macosx;
				SWIFT_COMPILATION_MODE = wholemodule;
				SWIFT_OPTIMIZATION_LEVEL = "-O";
			};
			name = Release;
		};
		F1AEDA0A22822C5C008A73B7 /* Debug */ = {
			isa = XCBuildConfiguration;
			buildSettings = {
				ASSETCATALOG_COMPILER_APPICON_NAME = AppIcon;
				CODE_SIGN_ENTITLEMENTS = NESEmu/NESEmu.entitlements;
				CODE_SIGN_STYLE = Automatic;
				COMBINE_HIDPI_IMAGES = YES;
				DEVELOPMENT_TEAM = 6FXPZ9UA8U;
				INFOPLIST_FILE = NESEmu/Info.plist;
				LD_RUNPATH_SEARCH_PATHS = (
					"$(inherited)",
					"@executable_path/../Frameworks",
				);
				PRODUCT_BUNDLE_IDENTIFIER = com.nesemu.NESEmu;
				PRODUCT_NAME = "$(TARGET_NAME)";
				SWIFT_VERSION = 4.2;
			};
			name = Debug;
		};
		F1AEDA0B22822C5C008A73B7 /* Release */ = {
			isa = XCBuildConfiguration;
			buildSettings = {
				ASSETCATALOG_COMPILER_APPICON_NAME = AppIcon;
				CODE_SIGN_ENTITLEMENTS = NESEmu/NESEmu.entitlements;
				CODE_SIGN_STYLE = Automatic;
				COMBINE_HIDPI_IMAGES = YES;
				DEVELOPMENT_TEAM = 6FXPZ9UA8U;
				INFOPLIST_FILE = NESEmu/Info.plist;
				LD_RUNPATH_SEARCH_PATHS = (
					"$(inherited)",
					"@executable_path/../Frameworks",
				);
				PRODUCT_BUNDLE_IDENTIFIER = com.nesemu.NESEmu;
				PRODUCT_NAME = "$(TARGET_NAME)";
				SWIFT_VERSION = 4.2;
			};
			name = Release;
		};
/* End XCBuildConfiguration section */

/* Begin XCConfigurationList section */
		F1AED9EE22822C5B008A73B7 /* Build configuration list for PBXProject "NESEmu" */ = {
			isa = XCConfigurationList;
			buildConfigurations = (
				F1AEDA0722822C5C008A73B7 /* Debug */,
				F1AEDA0822822C5C008A73B7 /* Release */,
			);
			defaultConfigurationIsVisible = 0;
			defaultConfigurationName = Release;
		};
		F1AEDA0922822C5C008A73B7 /* Build configuration list for PBXNativeTarget "NESEmu" */ = {
			isa = XCConfigurationList;
			buildConfigurations = (
				F1AEDA0A22822C5C008A73B7 /* Debug */,
				F1AEDA0B22822C5C008A73B7 /* Release */,
			);
			defaultConfigurationIsVisible = 0;
			defaultConfigurationName = Release;
		};
/* End XCConfigurationList section */
	};
	rootObject = F1AED9EB22822C5B008A73B7 /* Project object */;
}
